
Microsoft Visual Studio Solution File, Format Version 12.00
# Visual Studio Version 17
VisualStudioVersion = 17.11.35312.102
MinimumVisualStudioVersion = 10.0.40219.1
Project("{FAE04EC0-301F-11D3-BF4B-00C04F79EFBC}") = "HomeWork5", "HomeWork5\HomeWork5.csproj", "{360721B4-A274-4528-AC33-4A8309E6A2A4}"
EndProject
Global
	GlobalSection(SolutionConfigurationPlatforms) = preSolution
		Debug|Any CPU = Debug|Any CPU
		Release|Any CPU = Release|Any CPU
	EndGlobalSection
	GlobalSection(ProjectConfigurationPlatforms) = postSolution
		{360721B4-A274-4528-AC33-4A8309E6A2A4}.Debug|Any CPU.ActiveCfg = Debug|Any CPU
		{360721B4-A274-4528-AC33-4A8309E6A2A4}.Debug|Any CPU.Build.0 = Debug|Any CPU
		{360721B4-A274-4528-AC33-4A8309E6A2A4}.Release|Any CPU.ActiveCfg = Release|Any CPU
		{360721B4-A274-4528-AC33-4A8309E6A2A4}.Release|Any CPU.Build.0 = Release|Any CPU
	EndGlobalSection
	GlobalSection(SolutionProperties) = preSolution
		HideSolutionNode = FALSE
	EndGlobalSection
	GlobalSection(ExtensibilityGlobals) = postSolution
		SolutionGuid = {B341FC4D-846F-47C8-8D73-7E20F480FDEA}
	EndGlobalSection
EndGlobal
